// !$*UTF8*$!
{
	archiveVersion = 1;
	classes = {
	};
	objectVersion = 50;
	objects = {

/* Begin PBXBuildFile section */
		DDB5B90122BCE9C4008C9CB2 /* AppDelegate.swift in Sources */ = {isa = PBXBuildFile; fileRef = DDB5B90022BCE9C4008C9CB2 /* AppDelegate.swift */; };
		DDB5B90322BCE9C4008C9CB2 /* ViewController.swift in Sources */ = {isa = PBXBuildFile; fileRef = DDB5B90222BCE9C4008C9CB2 /* ViewController.swift */; };
		DDB5B90622BCE9C5008C9CB2 /* Main.storyboard in Resources */ = {isa = PBXBuildFile; fileRef = DDB5B90422BCE9C4008C9CB2 /* Main.storyboard */; };
		DDB5B90822BCE9C5008C9CB2 /* Assets.xcassets in Resources */ = {isa = PBXBuildFile; fileRef = DDB5B90722BCE9C5008C9CB2 /* Assets.xcassets */; };
		DDB5B90B22BCE9C5008C9CB2 /* LaunchScreen.storyboard in Resources */ = {isa = PBXBuildFile; fileRef = DDB5B90922BCE9C5008C9CB2 /* LaunchScreen.storyboard */; };
		DDB5B91422BCFA34008C9CB2 /* ArticleTableViewCell.swift in Sources */ = {isa = PBXBuildFile; fileRef = DDB5B91222BCFA34008C9CB2 /* ArticleTableViewCell.swift */; };
		DDB5B91522BCFA34008C9CB2 /* ArticleTableViewCell.xib in Resources */ = {isa = PBXBuildFile; fileRef = DDB5B91322BCFA34008C9CB2 /* ArticleTableViewCell.xib */; };
		DDB5B91F22BD1129008C9CB2 /* DetailsViewController.swift in Sources */ = {isa = PBXBuildFile; fileRef = DDB5B91D22BD1129008C9CB2 /* DetailsViewController.swift */; };
		DDB5B92022BD1129008C9CB2 /* DetailsViewController.xib in Resources */ = {isa = PBXBuildFile; fileRef = DDB5B91E22BD1129008C9CB2 /* DetailsViewController.xib */; };
/* End PBXBuildFile section */

/* Begin PBXFileReference section */
		DDB5B8FD22BCE9C4008C9CB2 /* Assignment1.app */ = {isa = PBXFileReference; explicitFileType = wrapper.application; includeInIndex = 0; path = Assignment1.app; sourceTree = BUILT_PRODUCTS_DIR; };
		DDB5B90022BCE9C4008C9CB2 /* AppDelegate.swift */ = {isa = PBXFileReference; lastKnownFileType = sourcecode.swift; path = AppDelegate.swift; sourceTree = "<group>"; };
		DDB5B90222BCE9C4008C9CB2 /* ViewController.swift */ = {isa = PBXFileReference; lastKnownFileType = sourcecode.swift; path = ViewController.swift; sourceTree = "<group>"; };
		DDB5B90522BCE9C4008C9CB2 /* Base */ = {isa = PBXFileReference; lastKnownFileType = file.storyboard; name = Base; path = Base.lproj/Main.storyboard; sourceTree = "<group>"; };
		DDB5B90722BCE9C5008C9CB2 /* Assets.xcassets */ = {isa = PBXFileReference; lastKnownFileType = folder.assetcatalog; path = Assets.xcassets; sourceTree = "<group>"; };
		DDB5B90A22BCE9C5008C9CB2 /* Base */ = {isa = PBXFileReference; lastKnownFileType = file.storyboard; name = Base; path = Base.lproj/LaunchScreen.storyboard; sourceTree = "<group>"; };
		DDB5B90C22BCE9C5008C9CB2 /* Info.plist */ = {isa = PBXFileReference; lastKnownFileType = text.plist.xml; path = Info.plist; sourceTree = "<group>"; };
		DDB5B91222BCFA34008C9CB2 /* ArticleTableViewCell.swift */ = {isa = PBXFileReference; lastKnownFileType = sourcecode.swift; path = ArticleTableViewCell.swift; sourceTree = "<group>"; };
		DDB5B91322BCFA34008C9CB2 /* ArticleTableViewCell.xib */ = {isa = PBXFileReference; lastKnownFileType = file.xib; path = ArticleTableViewCell.xib; sourceTree = "<group>"; };
		DDB5B91D22BD1129008C9CB2 /* DetailsViewController.swift */ = {isa = PBXFileReference; fileEncoding = 4; lastKnownFileType = sourcecode.swift; path = DetailsViewController.swift; sourceTree = "<group>"; };
		DDB5B91E22BD1129008C9CB2 /* DetailsViewController.xib */ = {isa = PBXFileReference; fileEncoding = 4; lastKnownFileType = file.xib; path = DetailsViewController.xib; sourceTree = "<group>"; };
/* End PBXFileReference section */

/* Begin PBXFrameworksBuildPhase section */
		DDB5B8FA22BCE9C4008C9CB2 /* Frameworks */ = {
			isa = PBXFrameworksBuildPhase;
			buildActionMask = 2147483647;
			files = (
			);
			runOnlyForDeploymentPostprocessing = 0;
		};
/* End PBXFrameworksBuildPhase section */

/* Begin PBXGroup section */
		DDB5B8F422BCE9C4008C9CB2 = {
			isa = PBXGroup;
			children = (
				DDB5B8FF22BCE9C4008C9CB2 /* Assignment1 */,
				DDB5B8FE22BCE9C4008C9CB2 /* Products */,
			);
			sourceTree = "<group>";
		};
		DDB5B8FE22BCE9C4008C9CB2 /* Products */ = {
			isa = PBXGroup;
			children = (
				DDB5B8FD22BCE9C4008C9CB2 /* Assignment1.app */,
			);
			name = Products;
			sourceTree = "<group>";
		};
		DDB5B8FF22BCE9C4008C9CB2 /* Assignment1 */ = {
			isa = PBXGroup;
			children = (
				DDB5B91D22BD1129008C9CB2 /* DetailsViewController.swift */,
				DDB5B91E22BD1129008C9CB2 /* DetailsViewController.xib */,
				DDB5B90022BCE9C4008C9CB2 /* AppDelegate.swift */,
				DDB5B90222BCE9C4008C9CB2 /* ViewController.swift */,
				DDB5B90422BCE9C4008C9CB2 /* Main.storyboard */,
				DDB5B91222BCFA34008C9CB2 /* ArticleTableViewCell.swift */,
				DDB5B91322BCFA34008C9CB2 /* ArticleTableViewCell.xib */,
				DDB5B90722BCE9C5008C9CB2 /* Assets.xcassets */,
				DDB5B90922BCE9C5008C9CB2 /* LaunchScreen.storyboard */,
				DDB5B90C22BCE9C5008C9CB2 /* Info.plist */,
			);
			path = Assignment1;
			sourceTree = "<group>";
		};
/* End PBXGroup section */

/* Begin PBXNativeTarget section */
		DDB5B8FC22BCE9C4008C9CB2 /* Assignment1 */ = {
			isa = PBXNativeTarget;
			buildConfigurationList = DDB5B90F22BCE9C5008C9CB2 /* Build configuration list for PBXNativeTarget "Assignment1" */;
			buildPhases = (
				DDB5B8F922BCE9C4008C9CB2 /* Sources */,
				DDB5B8FA22BCE9C4008C9CB2 /* Frameworks */,
				DDB5B8FB22BCE9C4008C9CB2 /* Resources */,
			);
			buildRules = (
			);
			dependencies = (
			);
			name = Assignment1;
			productName = Assignment1;
			productReference = DDB5B8FD22BCE9C4008C9CB2 /* Assignment1.app */;
			productType = "com.apple.product-type.application";
		};
/* End PBXNativeTarget section */

/* Begin PBXProject section */
		DDB5B8F522BCE9C4008C9CB2 /* Project object */ = {
			isa = PBXProject;
			attributes = {
				LastSwiftUpdateCheck = 1020;
				LastUpgradeCheck = 1020;
				ORGANIZATIONNAME = "Pasuparthi Shubha Tarun";
				TargetAttributes = {
					DDB5B8FC22BCE9C4008C9CB2 = {
						CreatedOnToolsVersion = 10.2.1;
					};
				};
			};
			buildConfigurationList = DDB5B8F822BCE9C4008C9CB2 /* Build configuration list for PBXProject "Assignment1" */;
			compatibilityVersion = "Xcode 9.3";
			developmentRegion = en;
			hasScannedForEncodings = 0;
			knownRegions = (
				en,
				Base,
			);
			mainGroup = DDB5B8F422BCE9C4008C9CB2;
			productRefGroup = DDB5B8FE22BCE9C4008C9CB2 /* Products */;
			projectDirPath = "";
			projectRoot = "";
			targets = (
				DDB5B8FC22BCE9C4008C9CB2 /* Assignment1 */,
			);
		};
/* End PBXProject section */

/* Begin PBXResourcesBuildPhase section */
		DDB5B8FB22BCE9C4008C9CB2 /* Resources */ = {
			isa = PBXResourcesBuildPhase;
			buildActionMask = 2147483647;
			files = (
				DDB5B91522BCFA34008C9CB2 /* ArticleTableViewCell.xib in Resources */,
				DDB5B90B22BCE9C5008C9CB2 /* LaunchScreen.storyboard in Resources */,
				DDB5B92022BD1129008C9CB2 /* DetailsViewController.xib in Resources */,
				DDB5B90822BCE9C5008C9CB2 /* Assets.xcassets in Resources */,
				DDB5B90622BCE9C5008C9CB2 /* Main.storyboard in Resources */,
			);
			runOnlyForDeploymentPostprocessing = 0;
		};
/* End PBXResourcesBuildPhase section */

/* Begin PBXSourcesBuildPhase section */
		DDB5B8F922BCE9C4008C9CB2 /* Sources */ = {
			isa = PBXSourcesBuildPhase;
			buildActionMask = 2147483647;
			files = (
				DDB5B90322BCE9C4008C9CB2 /* ViewController.swift in Sources */,
				DDB5B91422BCFA34008C9CB2 /* ArticleTableViewCell.swift in Sources */,
				DDB5B90122BCE9C4008C9CB2 /* AppDelegate.swift in Sources */,
				DDB5B91F22BD1129008C9CB2 /* DetailsViewController.swift in Sources */,
			);
			runOnlyForDeploymentPostprocessing = 0;
		};
/* End PBXSourcesBuildPhase section */

/* Begin PBXVariantGroup section */
		DDB5B90422BCE9C4008C9CB2 /* Main.storyboard */ = {
			isa = PBXVariantGroup;
			children = (
				DDB5B90522BCE9C4008C9CB2 /* Base */,
			);
			name = Main.storyboard;
			sourceTree = "<group>";
		};
		DDB5B90922BCE9C5008C9CB2 /* LaunchScreen.storyboard */ = {
			isa = PBXVariantGroup;
			children = (
				DDB5B90A22BCE9C5008C9CB2 /* Base */,
			);
			name = LaunchScreen.storyboard;
			sourceTree = "<group>";
		};
/* End PBXVariantGroup section */

/* Begin XCBuildConfiguration section */
		DDB5B90D22BCE9C5008C9CB2 /* Debug */ = {
			isa = XCBuildConfiguration;
			buildSettings = {
				ALWAYS_SEARCH_USER_PATHS = NO;
				CLANG_ANALYZER_NONNULL = YES;
				CLANG_ANALYZER_NUMBER_OBJECT_CONVERSION = YES_AGGRESSIVE;
				CLANG_CXX_LANGUAGE_STANDARD = "gnu++14";
				CLANG_CXX_LIBRARY = "libc++";
				CLANG_ENABLE_MODULES = YES;
				CLANG_ENABLE_OBJC_ARC = YES;
				CLANG_ENABLE_OBJC_WEAK = YES;
				CLANG_WARN_BLOCK_CAPTURE_AUTORELEASING = YES;
				CLANG_WARN_BOOL_CONVERSION = YES;
				CLANG_WARN_COMMA = YES;
				CLANG_WARN_CONSTANT_CONVERSION = YES;
				CLANG_WARN_DEPRECATED_OBJC_IMPLEMENTATIONS = YES;
				CLANG_WARN_DIRECT_OBJC_ISA_USAGE = YES_ERROR;
				CLANG_WARN_DOCUMENTATION_COMMENTS = YES;
				CLANG_WARN_EMPTY_BODY = YES;
				CLANG_WARN_ENUM_CONVERSION = YES;
				CLANG_WARN_INFINITE_RECURSION = YES;
				CLANG_WARN_INT_CONVERSION = YES;
				CLANG_WARN_NON_LITERAL_NULL_CONVERSION = YES;
				CLANG_WARN_OBJC_IMPLICIT_RETAIN_SELF = YES;
				CLANG_WARN_OBJC_LITERAL_CONVERSION = YES;
				CLANG_WARN_OBJC_ROOT_CLASS = YES_ERROR;
				CLANG_WARN_RANGE_LOOP_ANALYSIS = YES;
				CLANG_WARN_STRICT_PROTOTYPES = YES;
				CLANG_WARN_SUSPICIOUS_MOVE = YES;
				CLANG_WARN_UNGUARDED_AVAILABILITY = YES_AGGRESSIVE;
				CLANG_WARN_UNREACHABLE_CODE = YES;
				CLANG_WARN__DUPLICATE_METHOD_MATCH = YES;
				CODE_SIGN_IDENTITY = "iPhone Developer";
				COPY_PHASE_STRIP = NO;
				DEBUG_INFORMATION_FORMAT = dwarf;
				ENABLE_STRICT_OBJC_MSGSEND = YES;
				ENABLE_TESTABILITY = YES;
				GCC_C_LANGUAGE_STANDARD = gnu11;
				GCC_DYNAMIC_NO_PIC = NO;
				GCC_NO_COMMON_BLOCKS = YES;
				GCC_OPTIMIZATION_LEVEL = 0;
				GCC_PREPROCESSOR_DEFINITIONS = (
					"DEBUG=1",
					"$(inherited)",
				);
				GCC_WARN_64_TO_32_BIT_CONVERSION = YES;
				GCC_WARN_ABOUT_RETURN_TYPE = YES_ERROR;
				GCC_WARN_UNDECLARED_SELECTOR = YES;
				GCC_WARN_UNINITIALIZED_AUTOS = YES_AGGRESSIVE;
				GCC_WARN_UNUSED_FUNCTION = YES;
				GCC_WARN_UNUSED_VARIABLE = YES;
				IPHONEOS_DEPLOYMENT_TARGET = 12.2;
				MTL_ENABLE_DEBUG_INFO = INCLUDE_SOURCE;
				MTL_FAST_MATH = YES;
				ONLY_ACTIVE_ARCH = YES;
				SDKROOT = iphoneos;
				SWIFT_ACTIVE_COMPILATION_CONDITIONS = DEBUG;
				SWIFT_OPTIMIZATION_LEVEL = "-Onone";
			};
			name = Debug;
		};
		DDB5B90E22BCE9C5008C9CB2 /* Release */ = {
			isa = XCBuildConfiguration;
			buildSettings = {
				ALWAYS_SEARCH_USER_PATHS = NO;
				CLANG_ANALYZER_NONNULL = YES;
				CLANG_ANALYZER_NUMBER_OBJECT_CONVERSION = YES_AGGRESSIVE;
				CLANG_CXX_LANGUAGE_STANDARD = "gnu++14";
				CLANG_CXX_LIBRARY = "libc++";
				CLANG_ENABLE_MODULES = YES;
				CLANG_ENABLE_OBJC_ARC = YES;
				CLANG_ENABLE_OBJC_WEAK = YES;
				CLANG_WARN_BLOCK_CAPTURE_AUTORELEASING = YES;
				CLANG_WARN_BOOL_CONVERSION = YES;
				CLANG_WARN_COMMA = YES;
				CLANG_WARN_CONSTANT_CONVERSION = YES;
				CLANG_WARN_DEPRECATED_OBJC_IMPLEMENTATIONS = YES;
				CLANG_WARN_DIRECT_OBJC_ISA_USAGE = YES_ERROR;
				CLANG_WARN_DOCUMENTATION_COMMENTS = YES;
				CLANG_WARN_EMPTY_BODY = YES;
				CLANG_WARN_ENUM_CONVERSION = YES;
				CLANG_WARN_INFINITE_RECURSION = YES;
				CLANG_WARN_INT_CONVERSION = YES;
				CLANG_WARN_NON_LITERAL_NULL_CONVERSION = YES;
				CLANG_WARN_OBJC_IMPLICIT_RETAIN_SELF = YES;
				CLANG_WARN_OBJC_LITERAL_CONVERSION = YES;
				CLANG_WARN_OBJC_ROOT_CLASS = YES_ERROR;
				CLANG_WARN_RANGE_LOOP_ANALYSIS = YES;
				CLANG_WARN_STRICT_PROTOTYPES = YES;
				CLANG_WARN_SUSPICIOUS_MOVE = YES;
				CLANG_WARN_UNGUARDED_AVAILABILITY = YES_AGGRESSIVE;
				CLANG_WARN_UNREACHABLE_CODE = YES;
				CLANG_WARN__DUPLICATE_METHOD_MATCH = YES;
				CODE_SIGN_IDENTITY = "iPhone Developer";
				COPY_PHASE_STRIP = NO;
				DEBUG_INFORMATION_FORMAT = "dwarf-with-dsym";
				ENABLE_NS_ASSERTIONS = NO;
				ENABLE_STRICT_OBJC_MSGSEND = YES;
				GCC_C_LANGUAGE_STANDARD = gnu11;
				GCC_NO_COMMON_BLOCKS = YES;
				GCC_WARN_64_TO_32_BIT_CONVERSION = YES;
				GCC_WARN_ABOUT_RETURN_TYPE = YES_ERROR;
				GCC_WARN_UNDECLARED_SELECTOR = YES;
				GCC_WARN_UNINITIALIZED_AUTOS = YES_AGGRESSIVE;
				GCC_WARN_UNUSED_FUNCTION = YES;
				GCC_WARN_UNUSED_VARIABLE = YES;
				IPHONEOS_DEPLOYMENT_TARGET = 12.2;
				MTL_ENABLE_DEBUG_INFO = NO;
				MTL_FAST_MATH = YES;
				SDKROOT = iphoneos;
				SWIFT_COMPILATION_MODE = wholemodule;
				SWIFT_OPTIMIZATION_LEVEL = "-O";
				VALIDATE_PRODUCT = YES;
			};
			name = Release;
		};
		DDB5B91022BCE9C5008C9CB2 /* Debug */ = {
			isa = XCBuildConfiguration;
			buildSettings = {
				ASSETCATALOG_COMPILER_APPICON_NAME = AppIcon;
				CODE_SIGN_STYLE = Automatic;
				INFOPLIST_FILE = Assignment1/Info.plist;
				LD_RUNPATH_SEARCH_PATHS = (
					"$(inherited)",
					"@executable_path/Frameworks",
				);
				PRODUCT_BUNDLE_IDENTIFIER = phonepe.Assignment1;
				PRODUCT_NAME = "$(TARGET_NAME)";
				SWIFT_VERSION = 5.0;
				TARGETED_DEVICE_FAMILY = "1,2";
			};
			name = Debug;
		};
		DDB5B91122BCE9C5008C9CB2 /* Release */ = {
			isa = XCBuildConfiguration;
			buildSettings = {
				ASSETCATALOG_COMPILER_APPICON_NAME = AppIcon;
				CODE_SIGN_STYLE = Automatic;
				INFOPLIST_FILE = Assignment1/Info.plist;
				LD_RUNPATH_SEARCH_PATHS = (
					"$(inherited)",
					"@executable_path/Frameworks",
				);
				PRODUCT_BUNDLE_IDENTIFIER = phonepe.Assignment1;
				PRODUCT_NAME = "$(TARGET_NAME)";
				SWIFT_VERSION = 5.0;
				TARGETED_DEVICE_FAMILY = "1,2";
			};
			name = Release;
		};
/* End XCBuildConfiguration section */

/* Begin XCConfigurationList section */
		DDB5B8F822BCE9C4008C9CB2 /* Build configuration list for PBXProject "Assignment1" */ = {
			isa = XCConfigurationList;
			buildConfigurations = (
				DDB5B90D22BCE9C5008C9CB2 /* Debug */,
				DDB5B90E22BCE9C5008C9CB2 /* Release */,
			);
			defaultConfigurationIsVisible = 0;
			defaultConfigurationName = Release;
		};
		DDB5B90F22BCE9C5008C9CB2 /* Build configuration list for PBXNativeTarget "Assignment1" */ = {
			isa = XCConfigurationList;
			buildConfigurations = (
				DDB5B91022BCE9C5008C9CB2 /* Debug */,
				DDB5B91122BCE9C5008C9CB2 /* Release */,
			);
			defaultConfigurationIsVisible = 0;
			defaultConfigurationName = Release;
		};
/* End XCConfigurationList section */
	};
	rootObject = DDB5B8F522BCE9C4008C9CB2 /* Project object */;
}
